
Microsoft Visual Studio Solution File, Format Version 12.00
# Visual Studio Version 17
VisualStudioVersion = 17.3.32519.111
MinimumVisualStudioVersion = 10.0.40219.1
Project("{9A19103F-16F7-4668-BE54-9A1E7A4F7556}") = "ManagedDotnetGC", "ManagedDotnetGC\ManagedDotnetGC.csproj", "{EDCE7242-B4EC-4837-9388-6313D6792062}"
EndProject
Project("{9A19103F-16F7-4668-BE54-9A1E7A4F7556}") = "NativeStubSourceGenerator", "NativeStubSourceGenerator\NativeStubSourceGenerator.csproj", "{8E1242E3-F71B-46FD-8842-168018CAB780}"
EndProject
Project("{FAE04EC0-301F-11D3-BF4B-00C04F79EFBC}") = "TestApp", "TestApp\TestApp.csproj", "{194EBA61-D34A-4E5B-A65E-681A08C1FE9D}"
EndProject
Project("{8BC9CEB8-8B4A-11D0-8D11-00A0C91BC942}") = "ManagedDotnetGCLoader", "ManagedDotnetGCLoader\ManagedDotnetGCLoader.vcxproj", "{B22B0B4B-C3D2-4141-85C1-262AC52218B2}"
EndProject
Global
	GlobalSection(SolutionConfigurationPlatforms) = preSolution
		Debug|Any CPU = Debug|Any CPU
		Debug|x64 = Debug|x64
		Debug|x86 = Debug|x86
		Release|Any CPU = Release|Any CPU
		Release|x64 = Release|x64
		Release|x86 = Release|x86
	EndGlobalSection
	GlobalSection(ProjectConfigurationPlatforms) = postSolution
		{EDCE7242-B4EC-4837-9388-6313D6792062}.Debug|Any CPU.ActiveCfg = Debug|Any CPU
		{EDCE7242-B4EC-4837-9388-6313D6792062}.Debug|Any CPU.Build.0 = Debug|Any CPU
		{EDCE7242-B4EC-4837-9388-6313D6792062}.Debug|x64.ActiveCfg = Debug|Any CPU
		{EDCE7242-B4EC-4837-9388-6313D6792062}.Debug|x64.Build.0 = Debug|Any CPU
		{EDCE7242-B4EC-4837-9388-6313D6792062}.Debug|x86.ActiveCfg = Debug|Any CPU
		{EDCE7242-B4EC-4837-9388-6313D6792062}.Debug|x86.Build.0 = Debug|Any CPU
		{EDCE7242-B4EC-4837-9388-6313D6792062}.Release|Any CPU.ActiveCfg = Release|Any CPU
		{EDCE7242-B4EC-4837-9388-6313D6792062}.Release|Any CPU.Build.0 = Release|Any CPU
		{EDCE7242-B4EC-4837-9388-6313D6792062}.Release|x64.ActiveCfg = Release|Any CPU
		{EDCE7242-B4EC-4837-9388-6313D6792062}.Release|x64.Build.0 = Release|Any CPU
		{EDCE7242-B4EC-4837-9388-6313D6792062}.Release|x86.ActiveCfg = Release|Any CPU
		{EDCE7242-B4EC-4837-9388-6313D6792062}.Release|x86.Build.0 = Release|Any CPU
		{8E1242E3-F71B-46FD-8842-168018CAB780}.Debug|Any CPU.ActiveCfg = Debug|Any CPU
		{8E1242E3-F71B-46FD-8842-168018CAB780}.Debug|Any CPU.Build.0 = Debug|Any CPU
		{8E1242E3-F71B-46FD-8842-168018CAB780}.Debug|x64.ActiveCfg = Debug|Any CPU
		{8E1242E3-F71B-46FD-8842-168018CAB780}.Debug|x64.Build.0 = Debug|Any CPU
		{8E1242E3-F71B-46FD-8842-168018CAB780}.Debug|x86.ActiveCfg = Debug|Any CPU
		{8E1242E3-F71B-46FD-8842-168018CAB780}.Debug|x86.Build.0 = Debug|Any CPU
		{8E1242E3-F71B-46FD-8842-168018CAB780}.Release|Any CPU.ActiveCfg = Release|Any CPU
		{8E1242E3-F71B-46FD-8842-168018CAB780}.Release|Any CPU.Build.0 = Release|Any CPU
		{8E1242E3-F71B-46FD-8842-168018CAB780}.Release|x64.ActiveCfg = Release|Any CPU
		{8E1242E3-F71B-46FD-8842-168018CAB780}.Release|x64.Build.0 = Release|Any CPU
		{8E1242E3-F71B-46FD-8842-168018CAB780}.Release|x86.ActiveCfg = Release|Any CPU
		{8E1242E3-F71B-46FD-8842-168018CAB780}.Release|x86.Build.0 = Release|Any CPU
		{194EBA61-D34A-4E5B-A65E-681A08C1FE9D}.Debug|Any CPU.ActiveCfg = Debug|Any CPU
		{194EBA61-D34A-4E5B-A65E-681A08C1FE9D}.Debug|Any CPU.Build.0 = Debug|Any CPU
		{194EBA61-D34A-4E5B-A65E-681A08C1FE9D}.Debug|x64.ActiveCfg = Debug|Any CPU
		{194EBA61-D34A-4E5B-A65E-681A08C1FE9D}.Debug|x64.Build.0 = Debug|Any CPU
		{194EBA61-D34A-4E5B-A65E-681A08C1FE9D}.Debug|x86.ActiveCfg = Debug|Any CPU
		{194EBA61-D34A-4E5B-A65E-681A08C1FE9D}.Debug|x86.Build.0 = Debug|Any CPU
		{194EBA61-D34A-4E5B-A65E-681A08C1FE9D}.Release|Any CPU.ActiveCfg = Release|Any CPU
		{194EBA61-D34A-4E5B-A65E-681A08C1FE9D}.Release|Any CPU.Build.0 = Release|Any CPU
		{194EBA61-D34A-4E5B-A65E-681A08C1FE9D}.Release|x64.ActiveCfg = Release|Any CPU
		{194EBA61-D34A-4E5B-A65E-681A08C1FE9D}.Release|x64.Build.0 = Release|Any CPU
		{194EBA61-D34A-4E5B-A65E-681A08C1FE9D}.Release|x86.ActiveCfg = Release|Any CPU
		{194EBA61-D34A-4E5B-A65E-681A08C1FE9D}.Release|x86.Build.0 = Release|Any CPU
		{B22B0B4B-C3D2-4141-85C1-262AC52218B2}.Debug|Any CPU.ActiveCfg = Debug|x64
		{B22B0B4B-C3D2-4141-85C1-262AC52218B2}.Debug|Any CPU.Build.0 = Debug|x64
		{B22B0B4B-C3D2-4141-85C1-262AC52218B2}.Debug|x64.ActiveCfg = Debug|x64
		{B22B0B4B-C3D2-4141-85C1-262AC52218B2}.Debug|x64.Build.0 = Debug|x64
		{B22B0B4B-C3D2-4141-85C1-262AC52218B2}.Debug|x86.ActiveCfg = Debug|Win32
		{B22B0B4B-C3D2-4141-85C1-262AC52218B2}.Debug|x86.Build.0 = Debug|Win32
		{B22B0B4B-C3D2-4141-85C1-262AC52218B2}.Release|Any CPU.ActiveCfg = Release|x64
		{B22B0B4B-C3D2-4141-85C1-262AC52218B2}.Release|Any CPU.Build.0 = Release|x64
		{B22B0B4B-C3D2-4141-85C1-262AC52218B2}.Release|x64.ActiveCfg = Release|x64
		{B22B0B4B-C3D2-4141-85C1-262AC52218B2}.Release|x64.Build.0 = Release|x64
		{B22B0B4B-C3D2-4141-85C1-262AC52218B2}.Release|x86.ActiveCfg = Release|Win32
		{B22B0B4B-C3D2-4141-85C1-262AC52218B2}.Release|x86.Build.0 = Release|Win32
	EndGlobalSection
	GlobalSection(SolutionProperties) = preSolution
		HideSolutionNode = FALSE
	EndGlobalSection
	GlobalSection(ExtensibilityGlobals) = postSolution
		SolutionGuid = {B32F82C1-583B-4B97-9C54-DACA8E84461A}
	EndGlobalSection
EndGlobal
