
Microsoft Visual Studio Solution File, Format Version 12.00
# Visual Studio Version 17
VisualStudioVersion = 17.3.32519.111
MinimumVisualStudioVersion = 10.0.40219.1
Project("{911E67C6-3D85-4FCE-B560-20A9C3E3FF48}") = "TestApp", "TestApp\bin\Debug\net6.0\win-x64\TestApp.exe", "{FEE2A187-BA9D-48E4-A7AB-0E07399A7D7B}"
	ProjectSection(DebuggerProjectSystem) = preProject
		PortSupplier = 00000000-0000-0000-0000-000000000000
		Executable = C:\git\ManagedDotnetGC\TestApp\bin\Debug\net6.0\win-x64\TestApp.exe
		RemoteMachine = ARSTANEK
		StartingDirectory = C:\git\ManagedDotnetGC\TestApp\bin\Debug\net6.0\win-x64
		Environment = complus_gcname=ManagedDotnetGCLoader.dll	
		LaunchingEngine = 00000000-0000-0000-0000-000000000000
		UseLegacyDebugEngines = No
		LaunchSQLEngine = No
		AttachLaunchAction = No
		IORedirection = Auto
	EndProjectSection
EndProject
Global
	GlobalSection(SolutionConfigurationPlatforms) = preSolution
		Release|x64 = Release|x64
	EndGlobalSection
	GlobalSection(ProjectConfigurationPlatforms) = postSolution
		{FEE2A187-BA9D-48E4-A7AB-0E07399A7D7B}.Release|x64.ActiveCfg = Release|x64
	EndGlobalSection
	GlobalSection(SolutionProperties) = preSolution
		HideSolutionNode = FALSE
	EndGlobalSection
	GlobalSection(ExtensibilityGlobals) = postSolution
		SolutionGuid = {31EF928F-57F2-49BD-B51A-F4F1736E98BB}
	EndGlobalSection
EndGlobal
